
Microsoft Visual Studio Solution File, Format Version 12.00
# Visual Studio Version 17
VisualStudioVersion = 17.1.31903.286
MinimumVisualStudioVersion = 10.0.40219.1
Project("{FAE04EC0-301F-11D3-BF4B-00C04F79EFBC}") = "Company.HardwareProgrammer", "Company.HardwareProgrammer\Company.HardwareProgrammer.csproj", "{31AC4C3D-F0D8-431E-8A3C-405E3819B693}"
EndProject
Project("{FAE04EC0-301F-11D3-BF4B-00C04F79EFBC}") = "Company.HardwareProgrammer.Tests", "Company.HardwareProgrammer.Tests\Company.HardwareProgrammer.Tests.csproj", "{470DB1A4-F93E-47A3-B457-6CAFB79B0978}"
EndProject
Global
	GlobalSection(SolutionConfigurationPlatforms) = preSolution
		Debug|Any CPU = Debug|Any CPU
		Release|Any CPU = Release|Any CPU
	EndGlobalSection
	GlobalSection(ProjectConfigurationPlatforms) = postSolution
		{31AC4C3D-F0D8-431E-8A3C-405E3819B693}.Debug|Any CPU.ActiveCfg = Debug|Any CPU
		{31AC4C3D-F0D8-431E-8A3C-405E3819B693}.Debug|Any CPU.Build.0 = Debug|Any CPU
		{31AC4C3D-F0D8-431E-8A3C-405E3819B693}.Release|Any CPU.ActiveCfg = Release|Any CPU
		{31AC4C3D-F0D8-431E-8A3C-405E3819B693}.Release|Any CPU.Build.0 = Release|Any CPU
		{470DB1A4-F93E-47A3-B457-6CAFB79B0978}.Debug|Any CPU.ActiveCfg = Debug|Any CPU
		{470DB1A4-F93E-47A3-B457-6CAFB79B0978}.Debug|Any CPU.Build.0 = Debug|Any CPU
		{470DB1A4-F93E-47A3-B457-6CAFB79B0978}.Release|Any CPU.ActiveCfg = Release|Any CPU
		{470DB1A4-F93E-47A3-B457-6CAFB79B0978}.Release|Any CPU.Build.0 = Release|Any CPU
	EndGlobalSection
	GlobalSection(SolutionProperties) = preSolution
		HideSolutionNode = FALSE
	EndGlobalSection
	GlobalSection(ExtensibilityGlobals) = postSolution
		SolutionGuid = {59A05B74-436B-4105-BCD2-8F81C031D1F9}
	EndGlobalSection
EndGlobal
